
Microsoft Visual Studio Solution File, Format Version 12.00
# Visual Studio Version 17
VisualStudioVersion = 17.8.34309.116
MinimumVisualStudioVersion = 10.0.40219.1
Project("{FAE04EC0-301F-11D3-BF4B-00C04F79EFBC}") = "BagelShop", "BagelShop\BagelShop.csproj", "{816D03F2-9B63-4D8C-AB8B-FA1B3F46E53D}"
EndProject
Global
	GlobalSection(SolutionConfigurationPlatforms) = preSolution
		Debug|Any CPU = Debug|Any CPU
		Release|Any CPU = Release|Any CPU
	EndGlobalSection
	GlobalSection(ProjectConfigurationPlatforms) = postSolution
		{816D03F2-9B63-4D8C-AB8B-FA1B3F46E53D}.Debug|Any CPU.ActiveCfg = Debug|Any CPU
		{816D03F2-9B63-4D8C-AB8B-FA1B3F46E53D}.Debug|Any CPU.Build.0 = Debug|Any CPU
		{816D03F2-9B63-4D8C-AB8B-FA1B3F46E53D}.Release|Any CPU.ActiveCfg = Release|Any CPU
		{816D03F2-9B63-4D8C-AB8B-FA1B3F46E53D}.Release|Any CPU.Build.0 = Release|Any CPU
	EndGlobalSection
	GlobalSection(SolutionProperties) = preSolution
		HideSolutionNode = FALSE
	EndGlobalSection
	GlobalSection(ExtensibilityGlobals) = postSolution
		SolutionGuid = {8070E1AA-CDA8-444A-8012-A0E2789B2325}
	EndGlobalSection
EndGlobal
